Microsoft Visual Studio Solution File, Format Version 12.00
# Visual Studio Version 17
VisualStudioVersion = 17.5.2.0
MinimumVisualStudioVersion = 10.0.40219.1
Project("{FAE04EC0-301F-11D3-BF4B-00C04F79EFBC}") = "JewelryRobots", "JewelryRobots\JewelryRobots.csproj", "{422694B1-506E-4A64-46DB-42F4A460540D}"
EndProject
Global
	GlobalSection(SolutionConfigurationPlatforms) = preSolution
		Debug|Any CPU = Debug|Any CPU
		Release|Any CPU = Release|Any CPU
	EndGlobalSection
	GlobalSection(ProjectConfigurationPlatforms) = postSolution
		{422694B1-506E-4A64-46DB-42F4A460540D}.Debug|Any CPU.ActiveCfg = Debug|Any CPU
		{422694B1-506E-4A64-46DB-42F4A460540D}.Debug|Any CPU.Build.0 = Debug|Any CPU
		{422694B1-506E-4A64-46DB-42F4A460540D}.Release|Any CPU.ActiveCfg = Release|Any CPU
		{422694B1-506E-4A64-46DB-42F4A460540D}.Release|Any CPU.Build.0 = Release|Any CPU
	EndGlobalSection
	GlobalSection(SolutionProperties) = preSolution
		HideSolutionNode = FALSE
	EndGlobalSection
	GlobalSection(ExtensibilityGlobals) = postSolution
		SolutionGuid = {B3B0230A-85D8-4724-99E8-405928FDB0E6}
	EndGlobalSection
EndGlobal
